
Microsoft Visual Studio Solution File, Format Version 12.00
# Visual Studio 15
VisualStudioVersion = 15.0.26124.0
MinimumVisualStudioVersion = 15.0.26124.0
Project("{FAE04EC0-301F-11D3-BF4B-00C04F79EFBC}") = "Messaging", "Source\Messaging\Messaging.csproj", "{8DC1184C-3A79-4B58-AFD7-0F9E0F436BE1}"
EndProject
Project("{FAE04EC0-301F-11D3-BF4B-00C04F79EFBC}") = "RabbitMQSetup", "Source\RabbitMQSetup\RabbitMQSetup.csproj", "{1D453B33-E702-44C9-B8D6-13BD8FDD5798}"
EndProject
Project("{2150E333-8FDC-42A3-9474-1A3956D46DE8}") = "Source", "Source", "{B22E0956-BA5C-49A4-A395-0BFAF5047BDE}"
EndProject
Project("{FAE04EC0-301F-11D3-BF4B-00C04F79EFBC}") = "PubSample", "Source\PubSample\PubSample.csproj", "{D031D0B9-78D3-438F-94FB-DC48CEA6A66D}"
EndProject
Global
	GlobalSection(SolutionConfigurationPlatforms) = preSolution
		Debug|Any CPU = Debug|Any CPU
		Debug|x64 = Debug|x64
		Debug|x86 = Debug|x86
		Release|Any CPU = Release|Any CPU
		Release|x64 = Release|x64
		Release|x86 = Release|x86
	EndGlobalSection
	GlobalSection(SolutionProperties) = preSolution
		HideSolutionNode = FALSE
	EndGlobalSection
	GlobalSection(ProjectConfigurationPlatforms) = postSolution
		{8DC1184C-3A79-4B58-AFD7-0F9E0F436BE1}.Debug|Any CPU.ActiveCfg = Debug|Any CPU
		{8DC1184C-3A79-4B58-AFD7-0F9E0F436BE1}.Debug|Any CPU.Build.0 = Debug|Any CPU
		{8DC1184C-3A79-4B58-AFD7-0F9E0F436BE1}.Debug|x64.ActiveCfg = Debug|Any CPU
		{8DC1184C-3A79-4B58-AFD7-0F9E0F436BE1}.Debug|x64.Build.0 = Debug|Any CPU
		{8DC1184C-3A79-4B58-AFD7-0F9E0F436BE1}.Debug|x86.ActiveCfg = Debug|Any CPU
		{8DC1184C-3A79-4B58-AFD7-0F9E0F436BE1}.Debug|x86.Build.0 = Debug|Any CPU
		{8DC1184C-3A79-4B58-AFD7-0F9E0F436BE1}.Release|Any CPU.ActiveCfg = Release|Any CPU
		{8DC1184C-3A79-4B58-AFD7-0F9E0F436BE1}.Release|Any CPU.Build.0 = Release|Any CPU
		{8DC1184C-3A79-4B58-AFD7-0F9E0F436BE1}.Release|x64.ActiveCfg = Release|Any CPU
		{8DC1184C-3A79-4B58-AFD7-0F9E0F436BE1}.Release|x64.Build.0 = Release|Any CPU
		{8DC1184C-3A79-4B58-AFD7-0F9E0F436BE1}.Release|x86.ActiveCfg = Release|Any CPU
		{8DC1184C-3A79-4B58-AFD7-0F9E0F436BE1}.Release|x86.Build.0 = Release|Any CPU
		{1D453B33-E702-44C9-B8D6-13BD8FDD5798}.Debug|Any CPU.ActiveCfg = Debug|Any CPU
		{1D453B33-E702-44C9-B8D6-13BD8FDD5798}.Debug|Any CPU.Build.0 = Debug|Any CPU
		{1D453B33-E702-44C9-B8D6-13BD8FDD5798}.Debug|x64.ActiveCfg = Debug|Any CPU
		{1D453B33-E702-44C9-B8D6-13BD8FDD5798}.Debug|x64.Build.0 = Debug|Any CPU
		{1D453B33-E702-44C9-B8D6-13BD8FDD5798}.Debug|x86.ActiveCfg = Debug|Any CPU
		{1D453B33-E702-44C9-B8D6-13BD8FDD5798}.Debug|x86.Build.0 = Debug|Any CPU
		{1D453B33-E702-44C9-B8D6-13BD8FDD5798}.Release|Any CPU.ActiveCfg = Release|Any CPU
		{1D453B33-E702-44C9-B8D6-13BD8FDD5798}.Release|Any CPU.Build.0 = Release|Any CPU
		{1D453B33-E702-44C9-B8D6-13BD8FDD5798}.Release|x64.ActiveCfg = Release|Any CPU
		{1D453B33-E702-44C9-B8D6-13BD8FDD5798}.Release|x64.Build.0 = Release|Any CPU
		{1D453B33-E702-44C9-B8D6-13BD8FDD5798}.Release|x86.ActiveCfg = Release|Any CPU
		{1D453B33-E702-44C9-B8D6-13BD8FDD5798}.Release|x86.Build.0 = Release|Any CPU
		{D031D0B9-78D3-438F-94FB-DC48CEA6A66D}.Debug|Any CPU.ActiveCfg = Debug|Any CPU
		{D031D0B9-78D3-438F-94FB-DC48CEA6A66D}.Debug|Any CPU.Build.0 = Debug|Any CPU
		{D031D0B9-78D3-438F-94FB-DC48CEA6A66D}.Debug|x64.ActiveCfg = Debug|Any CPU
		{D031D0B9-78D3-438F-94FB-DC48CEA6A66D}.Debug|x64.Build.0 = Debug|Any CPU
		{D031D0B9-78D3-438F-94FB-DC48CEA6A66D}.Debug|x86.ActiveCfg = Debug|Any CPU
		{D031D0B9-78D3-438F-94FB-DC48CEA6A66D}.Debug|x86.Build.0 = Debug|Any CPU
		{D031D0B9-78D3-438F-94FB-DC48CEA6A66D}.Release|Any CPU.ActiveCfg = Release|Any CPU
		{D031D0B9-78D3-438F-94FB-DC48CEA6A66D}.Release|Any CPU.Build.0 = Release|Any CPU
		{D031D0B9-78D3-438F-94FB-DC48CEA6A66D}.Release|x64.ActiveCfg = Release|Any CPU
		{D031D0B9-78D3-438F-94FB-DC48CEA6A66D}.Release|x64.Build.0 = Release|Any CPU
		{D031D0B9-78D3-438F-94FB-DC48CEA6A66D}.Release|x86.ActiveCfg = Release|Any CPU
		{D031D0B9-78D3-438F-94FB-DC48CEA6A66D}.Release|x86.Build.0 = Release|Any CPU
	EndGlobalSection
	GlobalSection(NestedProjects) = preSolution
		{D031D0B9-78D3-438F-94FB-DC48CEA6A66D} = {B22E0956-BA5C-49A4-A395-0BFAF5047BDE}
	EndGlobalSection
EndGlobal
