
Microsoft Visual Studio Solution File, Format Version 12.00
# Visual Studio 15
VisualStudioVersion = 15.0.26124.0
MinimumVisualStudioVersion = 15.0.26124.0
Project("{2150E333-8FDC-42A3-9474-1A3956D46DE8}") = "Source", "Source", "{CEB428EB-7A55-4C13-8385-5F36346DE839}"
EndProject
Project("{FAE04EC0-301F-11D3-BF4B-00C04F79EFBC}") = "Messaging", "Source\Messaging\Messaging.csproj", "{7EDD46B4-722C-485E-8D7C-4AEBF203BA21}"
EndProject
Project("{2150E333-8FDC-42A3-9474-1A3956D46DE8}") = "Tests", "Tests", "{FF95750C-6C4F-4030-A2F0-80CD5AC9657B}"
EndProject
Project("{FAE04EC0-301F-11D3-BF4B-00C04F79EFBC}") = "Messaging.UnitTests", "Tests\Messaging.UnitTests\Messaging.UnitTests.csproj", "{A474B11E-ED29-4149-8F9F-CDF76CA2FF20}"
EndProject
Project("{FAE04EC0-301F-11D3-BF4B-00C04F79EFBC}") = "SampleApp", "Source\SampleApp\SampleApp.csproj", "{319F8E5A-0F21-4604-8ADB-FC5EB2B237FF}"
EndProject
Global
	GlobalSection(SolutionConfigurationPlatforms) = preSolution
		Debug|Any CPU = Debug|Any CPU
		Debug|x64 = Debug|x64
		Debug|x86 = Debug|x86
		Release|Any CPU = Release|Any CPU
		Release|x64 = Release|x64
		Release|x86 = Release|x86
	EndGlobalSection
	GlobalSection(SolutionProperties) = preSolution
		HideSolutionNode = FALSE
	EndGlobalSection
	GlobalSection(ProjectConfigurationPlatforms) = postSolution
		{7EDD46B4-722C-485E-8D7C-4AEBF203BA21}.Debug|Any CPU.ActiveCfg = Debug|Any CPU
		{7EDD46B4-722C-485E-8D7C-4AEBF203BA21}.Debug|Any CPU.Build.0 = Debug|Any CPU
		{7EDD46B4-722C-485E-8D7C-4AEBF203BA21}.Debug|x64.ActiveCfg = Debug|Any CPU
		{7EDD46B4-722C-485E-8D7C-4AEBF203BA21}.Debug|x64.Build.0 = Debug|Any CPU
		{7EDD46B4-722C-485E-8D7C-4AEBF203BA21}.Debug|x86.ActiveCfg = Debug|Any CPU
		{7EDD46B4-722C-485E-8D7C-4AEBF203BA21}.Debug|x86.Build.0 = Debug|Any CPU
		{7EDD46B4-722C-485E-8D7C-4AEBF203BA21}.Release|Any CPU.ActiveCfg = Release|Any CPU
		{7EDD46B4-722C-485E-8D7C-4AEBF203BA21}.Release|Any CPU.Build.0 = Release|Any CPU
		{7EDD46B4-722C-485E-8D7C-4AEBF203BA21}.Release|x64.ActiveCfg = Release|Any CPU
		{7EDD46B4-722C-485E-8D7C-4AEBF203BA21}.Release|x64.Build.0 = Release|Any CPU
		{7EDD46B4-722C-485E-8D7C-4AEBF203BA21}.Release|x86.ActiveCfg = Release|Any CPU
		{7EDD46B4-722C-485E-8D7C-4AEBF203BA21}.Release|x86.Build.0 = Release|Any CPU
		{A474B11E-ED29-4149-8F9F-CDF76CA2FF20}.Debug|Any CPU.ActiveCfg = Debug|Any CPU
		{A474B11E-ED29-4149-8F9F-CDF76CA2FF20}.Debug|Any CPU.Build.0 = Debug|Any CPU
		{A474B11E-ED29-4149-8F9F-CDF76CA2FF20}.Debug|x64.ActiveCfg = Debug|Any CPU
		{A474B11E-ED29-4149-8F9F-CDF76CA2FF20}.Debug|x64.Build.0 = Debug|Any CPU
		{A474B11E-ED29-4149-8F9F-CDF76CA2FF20}.Debug|x86.ActiveCfg = Debug|Any CPU
		{A474B11E-ED29-4149-8F9F-CDF76CA2FF20}.Debug|x86.Build.0 = Debug|Any CPU
		{A474B11E-ED29-4149-8F9F-CDF76CA2FF20}.Release|Any CPU.ActiveCfg = Release|Any CPU
		{A474B11E-ED29-4149-8F9F-CDF76CA2FF20}.Release|Any CPU.Build.0 = Release|Any CPU
		{A474B11E-ED29-4149-8F9F-CDF76CA2FF20}.Release|x64.ActiveCfg = Release|Any CPU
		{A474B11E-ED29-4149-8F9F-CDF76CA2FF20}.Release|x64.Build.0 = Release|Any CPU
		{A474B11E-ED29-4149-8F9F-CDF76CA2FF20}.Release|x86.ActiveCfg = Release|Any CPU
		{A474B11E-ED29-4149-8F9F-CDF76CA2FF20}.Release|x86.Build.0 = Release|Any CPU
		{319F8E5A-0F21-4604-8ADB-FC5EB2B237FF}.Debug|Any CPU.ActiveCfg = Debug|Any CPU
		{319F8E5A-0F21-4604-8ADB-FC5EB2B237FF}.Debug|Any CPU.Build.0 = Debug|Any CPU
		{319F8E5A-0F21-4604-8ADB-FC5EB2B237FF}.Debug|x64.ActiveCfg = Debug|Any CPU
		{319F8E5A-0F21-4604-8ADB-FC5EB2B237FF}.Debug|x64.Build.0 = Debug|Any CPU
		{319F8E5A-0F21-4604-8ADB-FC5EB2B237FF}.Debug|x86.ActiveCfg = Debug|Any CPU
		{319F8E5A-0F21-4604-8ADB-FC5EB2B237FF}.Debug|x86.Build.0 = Debug|Any CPU
		{319F8E5A-0F21-4604-8ADB-FC5EB2B237FF}.Release|Any CPU.ActiveCfg = Release|Any CPU
		{319F8E5A-0F21-4604-8ADB-FC5EB2B237FF}.Release|Any CPU.Build.0 = Release|Any CPU
		{319F8E5A-0F21-4604-8ADB-FC5EB2B237FF}.Release|x64.ActiveCfg = Release|Any CPU
		{319F8E5A-0F21-4604-8ADB-FC5EB2B237FF}.Release|x64.Build.0 = Release|Any CPU
		{319F8E5A-0F21-4604-8ADB-FC5EB2B237FF}.Release|x86.ActiveCfg = Release|Any CPU
		{319F8E5A-0F21-4604-8ADB-FC5EB2B237FF}.Release|x86.Build.0 = Release|Any CPU
	EndGlobalSection
	GlobalSection(NestedProjects) = preSolution
		{7EDD46B4-722C-485E-8D7C-4AEBF203BA21} = {CEB428EB-7A55-4C13-8385-5F36346DE839}
		{A474B11E-ED29-4149-8F9F-CDF76CA2FF20} = {FF95750C-6C4F-4030-A2F0-80CD5AC9657B}
		{319F8E5A-0F21-4604-8ADB-FC5EB2B237FF} = {CEB428EB-7A55-4C13-8385-5F36346DE839}
	EndGlobalSection
EndGlobal
